
Microsoft Visual Studio Solution File, Format Version 12.00
# Visual Studio 15
VisualStudioVersion = 15.0.28010.2016
MinimumVisualStudioVersion = 10.0.40219.1
Project("{FAE04EC0-301F-11D3-BF4B-00C04F79EFBC}") = "ApiPortafolioCore", "ApiPortafolioCore\ApiPortafolioCore.csproj", "{27CBA0FF-7E9C-4B0D-A28A-1C2E77CF32ED}"
EndProject
Project("{FAE04EC0-301F-11D3-BF4B-00C04F79EFBC}") = "DTOs", "DTOs\DTOs.csproj", "{B3B13FAF-7D39-4E3A-91DB-29EAF6DDCB9F}"
EndProject
Project("{FAE04EC0-301F-11D3-BF4B-00C04F79EFBC}") = "Model", "Model\Model.csproj", "{FACCC02C-A7DE-4D7B-B126-1C0AA811FEB7}"
EndProject
Global
	GlobalSection(SolutionConfigurationPlatforms) = preSolution
		Debug|Any CPU = Debug|Any CPU
		Release|Any CPU = Release|Any CPU
	EndGlobalSection
	GlobalSection(ProjectConfigurationPlatforms) = postSolution
		{27CBA0FF-7E9C-4B0D-A28A-1C2E77CF32ED}.Debug|Any CPU.ActiveCfg = Debug|Any CPU
		{27CBA0FF-7E9C-4B0D-A28A-1C2E77CF32ED}.Debug|Any CPU.Build.0 = Debug|Any CPU
		{27CBA0FF-7E9C-4B0D-A28A-1C2E77CF32ED}.Release|Any CPU.ActiveCfg = Release|Any CPU
		{27CBA0FF-7E9C-4B0D-A28A-1C2E77CF32ED}.Release|Any CPU.Build.0 = Release|Any CPU
		{B3B13FAF-7D39-4E3A-91DB-29EAF6DDCB9F}.Debug|Any CPU.ActiveCfg = Debug|Any CPU
		{B3B13FAF-7D39-4E3A-91DB-29EAF6DDCB9F}.Debug|Any CPU.Build.0 = Debug|Any CPU
		{B3B13FAF-7D39-4E3A-91DB-29EAF6DDCB9F}.Release|Any CPU.ActiveCfg = Release|Any CPU
		{B3B13FAF-7D39-4E3A-91DB-29EAF6DDCB9F}.Release|Any CPU.Build.0 = Release|Any CPU
		{FACCC02C-A7DE-4D7B-B126-1C0AA811FEB7}.Debug|Any CPU.ActiveCfg = Debug|Any CPU
		{FACCC02C-A7DE-4D7B-B126-1C0AA811FEB7}.Debug|Any CPU.Build.0 = Debug|Any CPU
		{FACCC02C-A7DE-4D7B-B126-1C0AA811FEB7}.Release|Any CPU.ActiveCfg = Release|Any CPU
		{FACCC02C-A7DE-4D7B-B126-1C0AA811FEB7}.Release|Any CPU.Build.0 = Release|Any CPU
	EndGlobalSection
	GlobalSection(SolutionProperties) = preSolution
		HideSolutionNode = FALSE
	EndGlobalSection
	GlobalSection(ExtensibilityGlobals) = postSolution
		SolutionGuid = {60A01BD1-14FE-4AE9-AE0C-8768192CF43E}
	EndGlobalSection
EndGlobal
